
Microsoft Visual Studio Solution File, Format Version 12.00
# Visual Studio 15
VisualStudioVersion = 15.0.26730.16
MinimumVisualStudioVersion = 10.0.40219.1
Project("{FAE04EC0-301F-11D3-BF4B-00C04F79EFBC}") = "Snake", "WindowsFormsApp1\Snake.csproj", "{C52512D7-D519-4AD3-A0CE-3B5F7D175268}"
EndProject
Global
	GlobalSection(SolutionConfigurationPlatforms) = preSolution
		Debug|Any CPU = Debug|Any CPU
		Release|Any CPU = Release|Any CPU
	EndGlobalSection
	GlobalSection(ProjectConfigurationPlatforms) = postSolution
		{C52512D7-D519-4AD3-A0CE-3B5F7D175268}.Debug|Any CPU.ActiveCfg = Debug|Any CPU
		{C52512D7-D519-4AD3-A0CE-3B5F7D175268}.Debug|Any CPU.Build.0 = Debug|Any CPU
		{C52512D7-D519-4AD3-A0CE-3B5F7D175268}.Release|Any CPU.ActiveCfg = Release|Any CPU
		{C52512D7-D519-4AD3-A0CE-3B5F7D175268}.Release|Any CPU.Build.0 = Release|Any CPU
	EndGlobalSection
	GlobalSection(SolutionProperties) = preSolution
		HideSolutionNode = FALSE
	EndGlobalSection
	GlobalSection(ExtensibilityGlobals) = postSolution
		SolutionGuid = {78A44352-6182-474E-809E-150013CF1C86}
	EndGlobalSection
EndGlobal
